
Microsoft Visual Studio Solution File, Format Version 12.00
# Visual Studio Version 16
VisualStudioVersion = 16.0.31727.386
MinimumVisualStudioVersion = 10.0.40219.1
Project("{8BC9CEB8-8B4A-11D0-8D11-00A0C91BC942}") = "Mastermind", "Mastermind.vcxproj", "{7B98FB22-261B-41D7-96F8-EE2B751CB7B4}"
EndProject
Global
	GlobalSection(SolutionConfigurationPlatforms) = preSolution
		Debug|x64 = Debug|x64
		Debug|x86 = Debug|x86
		Release|x64 = Release|x64
		Release|x86 = Release|x86
	EndGlobalSection
	GlobalSection(ProjectConfigurationPlatforms) = postSolution
		{7B98FB22-261B-41D7-96F8-EE2B751CB7B4}.Debug|x64.ActiveCfg = Debug|x64
		{7B98FB22-261B-41D7-96F8-EE2B751CB7B4}.Debug|x64.Build.0 = Debug|x64
		{7B98FB22-261B-41D7-96F8-EE2B751CB7B4}.Debug|x86.ActiveCfg = Debug|Win32
		{7B98FB22-261B-41D7-96F8-EE2B751CB7B4}.Debug|x86.Build.0 = Debug|Win32
		{7B98FB22-261B-41D7-96F8-EE2B751CB7B4}.Release|x64.ActiveCfg = Release|x64
		{7B98FB22-261B-41D7-96F8-EE2B751CB7B4}.Release|x64.Build.0 = Release|x64
		{7B98FB22-261B-41D7-96F8-EE2B751CB7B4}.Release|x86.ActiveCfg = Release|Win32
		{7B98FB22-261B-41D7-96F8-EE2B751CB7B4}.Release|x86.Build.0 = Release|Win32
	EndGlobalSection
	GlobalSection(SolutionProperties) = preSolution
		HideSolutionNode = FALSE
	EndGlobalSection
	GlobalSection(ExtensibilityGlobals) = postSolution
		SolutionGuid = {5DACC390-87CF-484C-AB8F-F3C9269F5E3A}
	EndGlobalSection
EndGlobal
